// !$*UTF8*$!
{
	archiveVersion = 1;
	classes = {
	};
	objectVersion = 46;
	objects = {

/* Begin PBXBuildFile section */
		B505A1661AC2A26D00986D7B /* script.mm in Sources */ = {isa = PBXBuildFile; fileRef = B505A1641AC2A26D00986D7B /* script.mm */; };
		B505A1671AC2A26D00986D7B /* script.mm in Sources */ = {isa = PBXBuildFile; fileRef = B505A1641AC2A26D00986D7B /* script.mm */; };
		B505A16E1AC2A82700986D7B /* traverse.mm in Sources */ = {isa = PBXBuildFile; fileRef = B505A16C1AC2A82700986D7B /* traverse.mm */; };
		B505A16F1AC2A82700986D7B /* traverse.mm in Sources */ = {isa = PBXBuildFile; fileRef = B505A16C1AC2A82700986D7B /* traverse.mm */; };
		B505A1761AC2DEC300986D7B /* paq.mm in Sources */ = {isa = PBXBuildFile; fileRef = B505A1741AC2DEC300986D7B /* paq.mm */; };
		B505A1771AC2DEC300986D7B /* paq.mm in Sources */ = {isa = PBXBuildFile; fileRef = B505A1741AC2DEC300986D7B /* paq.mm */; };
		B505A17A1AC2E59B00986D7B /* resolve.mm in Sources */ = {isa = PBXBuildFile; fileRef = B505A1781AC2E59B00986D7B /* resolve.mm */; };
		B505A17B1AC2E59B00986D7B /* resolve.mm in Sources */ = {isa = PBXBuildFile; fileRef = B505A1781AC2E59B00986D7B /* resolve.mm */; };
		B5081D771AC114F700D675E9 /* main.mm in Sources */ = {isa = PBXBuildFile; fileRef = B5081D761AC114F700D675E9 /* main.mm */; };
		B5081D871AC118B500D675E9 /* main.mm in Sources */ = {isa = PBXBuildFile; fileRef = B5081D861AC118B500D675E9 /* main.mm */; };
		B59884B51AC263B7005929C3 /* parser.mm in Sources */ = {isa = PBXBuildFile; fileRef = B59884B31AC263B7005929C3 /* parser.mm */; };
		B59884B61AC263B7005929C3 /* parser.mm in Sources */ = {isa = PBXBuildFile; fileRef = B59884B31AC263B7005929C3 /* parser.mm */; };
		B59884B81AC2641A005929C3 /* JavaScriptCore.framework in Frameworks */ = {isa = PBXBuildFile; fileRef = B59884B71AC2641A005929C3 /* JavaScriptCore.framework */; };
		B5B592341AC29EF500160D50 /* require.mm in Sources */ = {isa = PBXBuildFile; fileRef = B5B592321AC29EF500160D50 /* require.mm */; };
		B5B592351AC29EF600160D50 /* require.mm in Sources */ = {isa = PBXBuildFile; fileRef = B5B592321AC29EF500160D50 /* require.mm */; };
		B5BA5B631AC282CB00FCE5EE /* JavaScriptCore.framework in Frameworks */ = {isa = PBXBuildFile; fileRef = B59884B71AC2641A005929C3 /* JavaScriptCore.framework */; };
/* End PBXBuildFile section */

/* Begin PBXCopyFilesBuildPhase section */
		B5081D711AC114F700D675E9 /* CopyFiles */ = {
			isa = PBXCopyFilesBuildPhase;
			buildActionMask = 2147483647;
			dstPath = /usr/share/man/man1/;
			dstSubfolderSpec = 0;
			files = (
			);
			runOnlyForDeploymentPostprocessing = 1;
		};
/* End PBXCopyFilesBuildPhase section */

/* Begin PBXFileReference section */
		B505A1641AC2A26D00986D7B /* script.mm */ = {isa = PBXFileReference; fileEncoding = 4; lastKnownFileType = sourcecode.cpp.objcpp; path = script.mm; sourceTree = "<group>"; };
		B505A1651AC2A26D00986D7B /* script.h */ = {isa = PBXFileReference; fileEncoding = 4; lastKnownFileType = sourcecode.c.h; path = script.h; sourceTree = "<group>"; };
		B505A16C1AC2A82700986D7B /* traverse.mm */ = {isa = PBXFileReference; fileEncoding = 4; lastKnownFileType = sourcecode.cpp.objcpp; path = traverse.mm; sourceTree = "<group>"; };
		B505A16D1AC2A82700986D7B /* traverse.h */ = {isa = PBXFileReference; fileEncoding = 4; lastKnownFileType = sourcecode.c.h; path = traverse.h; sourceTree = "<group>"; };
		B505A1741AC2DEC300986D7B /* paq.mm */ = {isa = PBXFileReference; fileEncoding = 4; lastKnownFileType = sourcecode.cpp.objcpp; path = paq.mm; sourceTree = "<group>"; };
		B505A1751AC2DEC300986D7B /* paq.h */ = {isa = PBXFileReference; fileEncoding = 4; lastKnownFileType = sourcecode.c.h; path = paq.h; sourceTree = "<group>"; };
		B505A1781AC2E59B00986D7B /* resolve.mm */ = {isa = PBXFileReference; fileEncoding = 4; lastKnownFileType = sourcecode.cpp.objcpp; path = resolve.mm; sourceTree = "<group>"; };
		B505A1791AC2E59B00986D7B /* resolve.h */ = {isa = PBXFileReference; fileEncoding = 4; lastKnownFileType = sourcecode.c.h; path = resolve.h; sourceTree = "<group>"; };
		B505A17E1AC2FE5D00986D7B /* entry.js */ = {isa = PBXFileReference; lastKnownFileType = sourcecode.javascript; path = entry.js; sourceTree = "<group>"; };
		B505A1801AC2FE5D00986D7B /* index.js */ = {isa = PBXFileReference; lastKnownFileType = sourcecode.javascript; path = index.js; sourceTree = "<group>"; };
		B5081D731AC114F700D675E9 /* paq */ = {isa = PBXFileReference; explicitFileType = "compiled.mach-o.executable"; includeInIndex = 0; path = paq; sourceTree = BUILT_PRODUCTS_DIR; };
		B5081D761AC114F700D675E9 /* main.mm */ = {isa = PBXFileReference; lastKnownFileType = sourcecode.cpp.objcpp; path = main.mm; sourceTree = "<group>"; };
		B5081D841AC118B500D675E9 /* paq-tests */ = {isa = PBXFileReference; explicitFileType = "compiled.mach-o.executable"; includeInIndex = 0; path = "paq-tests"; sourceTree = BUILT_PRODUCTS_DIR; };
		B5081D861AC118B500D675E9 /* main.mm */ = {isa = PBXFileReference; lastKnownFileType = sourcecode.cpp.objcpp; path = main.mm; sourceTree = "<group>"; };
		B5081D8D1AC1198600D675E9 /* catch.hpp */ = {isa = PBXFileReference; fileEncoding = 4; lastKnownFileType = sourcecode.cpp.h; path = catch.hpp; sourceTree = "<group>"; };
		B59884B31AC263B7005929C3 /* parser.mm */ = {isa = PBXFileReference; fileEncoding = 4; lastKnownFileType = sourcecode.cpp.objcpp; path = parser.mm; sourceTree = "<group>"; };
		B59884B41AC263B7005929C3 /* parser.h */ = {isa = PBXFileReference; fileEncoding = 4; lastKnownFileType = sourcecode.c.h; path = parser.h; sourceTree = "<group>"; };
		B59884B71AC2641A005929C3 /* JavaScriptCore.framework */ = {isa = PBXFileReference; lastKnownFileType = wrapper.framework; name = JavaScriptCore.framework; path = System/Library/Frameworks/JavaScriptCore.framework; sourceTree = SDKROOT; };
		B5B592321AC29EF500160D50 /* require.mm */ = {isa = PBXFileReference; fileEncoding = 4; lastKnownFileType = sourcecode.cpp.objcpp; path = require.mm; sourceTree = "<group>"; };
		B5B592331AC29EF500160D50 /* require.h */ = {isa = PBXFileReference; fileEncoding = 4; lastKnownFileType = sourcecode.c.h; path = require.h; sourceTree = "<group>"; };
/* End PBXFileReference section */

/* Begin PBXFrameworksBuildPhase section */
		B5081D701AC114F700D675E9 /* Frameworks */ = {
			isa = PBXFrameworksBuildPhase;
			buildActionMask = 2147483647;
			files = (
				B59884B81AC2641A005929C3 /* JavaScriptCore.framework in Frameworks */,
			);
			runOnlyForDeploymentPostprocessing = 0;
		};
		B5081D811AC118B500D675E9 /* Frameworks */ = {
			isa = PBXFrameworksBuildPhase;
			buildActionMask = 2147483647;
			files = (
				B5BA5B631AC282CB00FCE5EE /* JavaScriptCore.framework in Frameworks */,
			);
			runOnlyForDeploymentPostprocessing = 0;
		};
/* End PBXFrameworksBuildPhase section */

/* Begin PBXGroup section */
		B505A17C1AC2FE5D00986D7B /* fixtures */ = {
			isa = PBXGroup;
			children = (
				B505A17D1AC2FE5D00986D7B /* index-js */,
			);
			path = fixtures;
			sourceTree = "<group>";
		};
		B505A17D1AC2FE5D00986D7B /* index-js */ = {
			isa = PBXGroup;
			children = (
				B505A17E1AC2FE5D00986D7B /* entry.js */,
				B505A17F1AC2FE5D00986D7B /* mylib */,
			);
			path = "index-js";
			sourceTree = "<group>";
		};
		B505A17F1AC2FE5D00986D7B /* mylib */ = {
			isa = PBXGroup;
			children = (
				B505A1801AC2FE5D00986D7B /* index.js */,
			);
			path = mylib;
			sourceTree = "<group>";
		};
		B5081D6A1AC114F700D675E9 = {
			isa = PBXGroup;
			children = (
				B505A17C1AC2FE5D00986D7B /* fixtures */,
				B59884B71AC2641A005929C3 /* JavaScriptCore.framework */,
				B5081D751AC114F700D675E9 /* paq */,
				B5081D851AC118B500D675E9 /* paq-tests */,
				B5081D741AC114F700D675E9 /* Products */,
			);
			sourceTree = "<group>";
		};
		B5081D741AC114F700D675E9 /* Products */ = {
			isa = PBXGroup;
			children = (
				B5081D731AC114F700D675E9 /* paq */,
				B5081D841AC118B500D675E9 /* paq-tests */,
			);
			name = Products;
			sourceTree = "<group>";
		};
		B5081D751AC114F700D675E9 /* paq */ = {
			isa = PBXGroup;
			children = (
				B5081D761AC114F700D675E9 /* main.mm */,
				B59884B31AC263B7005929C3 /* parser.mm */,
				B59884B41AC263B7005929C3 /* parser.h */,
				B5B592321AC29EF500160D50 /* require.mm */,
				B5B592331AC29EF500160D50 /* require.h */,
				B505A1641AC2A26D00986D7B /* script.mm */,
				B505A1651AC2A26D00986D7B /* script.h */,
				B505A16C1AC2A82700986D7B /* traverse.mm */,
				B505A16D1AC2A82700986D7B /* traverse.h */,
				B505A1741AC2DEC300986D7B /* paq.mm */,
				B505A1751AC2DEC300986D7B /* paq.h */,
				B505A1781AC2E59B00986D7B /* resolve.mm */,
				B505A1791AC2E59B00986D7B /* resolve.h */,
			);
			path = paq;
			sourceTree = "<group>";
		};
		B5081D851AC118B500D675E9 /* paq-tests */ = {
			isa = PBXGroup;
			children = (
				B5081D8D1AC1198600D675E9 /* catch.hpp */,
				B5081D861AC118B500D675E9 /* main.mm */,
			);
			path = "paq-tests";
			sourceTree = "<group>";
		};
/* End PBXGroup section */

/* Begin PBXNativeTarget section */
		B5081D721AC114F700D675E9 /* paq */ = {
			isa = PBXNativeTarget;
			buildConfigurationList = B5081D7A1AC114F700D675E9 /* Build configuration list for PBXNativeTarget "paq" */;
			buildPhases = (
				B505A1731AC2B65100986D7B /* ShellScript */,
				B5081D6F1AC114F700D675E9 /* Sources */,
				B5081D701AC114F700D675E9 /* Frameworks */,
				B5081D711AC114F700D675E9 /* CopyFiles */,
			);
			buildRules = (
			);
			dependencies = (
			);
			name = paq;
			productName = paq;
			productReference = B5081D731AC114F700D675E9 /* paq */;
			productType = "com.apple.product-type.tool";
		};
		B5081D831AC118B500D675E9 /* paq-tests */ = {
			isa = PBXNativeTarget;
			buildConfigurationList = B5081D881AC118B500D675E9 /* Build configuration list for PBXNativeTarget "paq-tests" */;
			buildPhases = (
				B505A1631AC2A0CF00986D7B /* ShellScript */,
				B5081D801AC118B500D675E9 /* Sources */,
				B5081D811AC118B500D675E9 /* Frameworks */,
			);
			buildRules = (
			);
			dependencies = (
			);
			name = "paq-tests";
			productName = "paq-tests";
			productReference = B5081D841AC118B500D675E9 /* paq-tests */;
			productType = "com.apple.product-type.tool";
		};
/* End PBXNativeTarget section */

/* Begin PBXProject section */
		B5081D6B1AC114F700D675E9 /* Project object */ = {
			isa = PBXProject;
			attributes = {
				LastUpgradeCheck = 0620;
				ORGANIZATIONNAME = "Ben Ng";
				TargetAttributes = {
					B5081D721AC114F700D675E9 = {
						CreatedOnToolsVersion = 6.2;
					};
					B5081D831AC118B500D675E9 = {
						CreatedOnToolsVersion = 6.2;
					};
				};
			};
			buildConfigurationList = B5081D6E1AC114F700D675E9 /* Build configuration list for PBXProject "paq" */;
			compatibilityVersion = "Xcode 3.2";
			developmentRegion = English;
			hasScannedForEncodings = 0;
			knownRegions = (
				en,
			);
			mainGroup = B5081D6A1AC114F700D675E9;
			productRefGroup = B5081D741AC114F700D675E9 /* Products */;
			projectDirPath = "";
			projectRoot = "";
			targets = (
				B5081D721AC114F700D675E9 /* paq */,
				B5081D831AC118B500D675E9 /* paq-tests */,
			);
		};
/* End PBXProject section */

/* Begin PBXShellScriptBuildPhase section */
		B505A1631AC2A0CF00986D7B /* ShellScript */ = {
			isa = PBXShellScriptBuildPhase;
			buildActionMask = 2147483647;
			files = (
			);
			inputPaths = (
			);
			outputPaths = (
			);
			runOnlyForDeploymentPostprocessing = 0;
			shellPath = /bin/sh;
			shellScript = "PATH=${PATH}:/usr/local/bin\nnode ${PROJECT_DIR}/node_modules/browserify/bin/cmd.js -s escodegen ${PROJECT_DIR}/node_modules/escodegen | node ${PROJECT_DIR}/node_modules/uglifyjs/bin/uglifyjs > ${PROJECT_DIR}/paq/escodegen.bundle.js\nnode ${PROJECT_DIR}/node_modules/browserify/bin/cmd.js -s acorn ${PROJECT_DIR}/node_modules/acorn | node ${PROJECT_DIR}/node_modules/uglifyjs/bin/uglifyjs > ${PROJECT_DIR}/paq/acorn.bundle.js\ncp -R ${PROJECT_DIR}/fixtures ${BUILD_DIR}/Debug";
		};
		B505A1731AC2B65100986D7B /* ShellScript */ = {
			isa = PBXShellScriptBuildPhase;
			buildActionMask = 2147483647;
			files = (
			);
			inputPaths = (
			);
			outputPaths = (
			);
			runOnlyForDeploymentPostprocessing = 0;
			shellPath = /bin/sh;
			shellScript = "PATH=${PATH}:/usr/local/bin\nnode ${PROJECT_DIR}/node_modules/browserify/bin/cmd.js -s escodegen ${PROJECT_DIR}/node_modules/escodegen | node ${PROJECT_DIR}/node_modules/uglifyjs/bin/uglifyjs > ${PROJECT_DIR}/paq/escodegen.bundle.js\nnode ${PROJECT_DIR}/node_modules/browserify/bin/cmd.js -s acorn ${PROJECT_DIR}/node_modules/acorn | node ${PROJECT_DIR}/node_modules/uglifyjs/bin/uglifyjs > ${PROJECT_DIR}/paq/acorn.bundle.js";
		};
/* End PBXShellScriptBuildPhase section */

/* Begin PBXSourcesBuildPhase section */
		B5081D6F1AC114F700D675E9 /* Sources */ = {
			isa = PBXSourcesBuildPhase;
			buildActionMask = 2147483647;
			files = (
				B505A1761AC2DEC300986D7B /* paq.mm in Sources */,
				B505A17A1AC2E59B00986D7B /* resolve.mm in Sources */,
				B505A16E1AC2A82700986D7B /* traverse.mm in Sources */,
				B505A1661AC2A26D00986D7B /* script.mm in Sources */,
				B5B592341AC29EF500160D50 /* require.mm in Sources */,
				B59884B51AC263B7005929C3 /* parser.mm in Sources */,
				B5081D771AC114F700D675E9 /* main.mm in Sources */,
			);
			runOnlyForDeploymentPostprocessing = 0;
		};
		B5081D801AC118B500D675E9 /* Sources */ = {
			isa = PBXSourcesBuildPhase;
			buildActionMask = 2147483647;
			files = (
				B505A1771AC2DEC300986D7B /* paq.mm in Sources */,
				B505A17B1AC2E59B00986D7B /* resolve.mm in Sources */,
				B505A16F1AC2A82700986D7B /* traverse.mm in Sources */,
				B505A1671AC2A26D00986D7B /* script.mm in Sources */,
				B5B592351AC29EF600160D50 /* require.mm in Sources */,
				B59884B61AC263B7005929C3 /* parser.mm in Sources */,
				B5081D871AC118B500D675E9 /* main.mm in Sources */,
			);
			runOnlyForDeploymentPostprocessing = 0;
		};
/* End PBXSourcesBuildPhase section */

/* Begin XCBuildConfiguration section */
		B5081D781AC114F700D675E9 /* Debug */ = {
			isa = XCBuildConfiguration;
			buildSettings = {
				ALWAYS_SEARCH_USER_PATHS = NO;
				CLANG_CXX_LANGUAGE_STANDARD = "gnu++0x";
				CLANG_CXX_LIBRARY = "libc++";
				CLANG_ENABLE_MODULES = YES;
				CLANG_ENABLE_OBJC_ARC = YES;
				CLANG_WARN_BOOL_CONVERSION = YES;
				CLANG_WARN_CONSTANT_CONVERSION = YES;
				CLANG_WARN_DIRECT_OBJC_ISA_USAGE = YES_ERROR;
				CLANG_WARN_EMPTY_BODY = YES;
				CLANG_WARN_ENUM_CONVERSION = YES;
				CLANG_WARN_INT_CONVERSION = YES;
				CLANG_WARN_OBJC_ROOT_CLASS = YES_ERROR;
				CLANG_WARN_UNREACHABLE_CODE = YES;
				CLANG_WARN__DUPLICATE_METHOD_MATCH = YES;
				COPY_PHASE_STRIP = NO;
				ENABLE_STRICT_OBJC_MSGSEND = YES;
				GCC_C_LANGUAGE_STANDARD = gnu99;
				GCC_DYNAMIC_NO_PIC = NO;
				GCC_INPUT_FILETYPE = sourcecode.cpp.objcpp;
				GCC_OPTIMIZATION_LEVEL = 0;
				GCC_PREPROCESSOR_DEFINITIONS = (
					"DEBUG=1",
					"$(inherited)",
				);
				GCC_SYMBOLS_PRIVATE_EXTERN = NO;
				GCC_WARN_64_TO_32_BIT_CONVERSION = YES;
				GCC_WARN_ABOUT_RETURN_TYPE = YES_ERROR;
				GCC_WARN_UNDECLARED_SELECTOR = YES;
				GCC_WARN_UNINITIALIZED_AUTOS = YES_AGGRESSIVE;
				GCC_WARN_UNUSED_FUNCTION = YES;
				GCC_WARN_UNUSED_VARIABLE = YES;
				MACOSX_DEPLOYMENT_TARGET = 10.10;
				MTL_ENABLE_DEBUG_INFO = YES;
				ONLY_ACTIVE_ARCH = YES;
				SDKROOT = macosx;
			};
			name = Debug;
		};
		B5081D791AC114F700D675E9 /* Release */ = {
			isa = XCBuildConfiguration;
			buildSettings = {
				ALWAYS_SEARCH_USER_PATHS = NO;
				CLANG_CXX_LANGUAGE_STANDARD = "gnu++0x";
				CLANG_CXX_LIBRARY = "libc++";
				CLANG_ENABLE_MODULES = YES;
				CLANG_ENABLE_OBJC_ARC = YES;
				CLANG_WARN_BOOL_CONVERSION = YES;
				CLANG_WARN_CONSTANT_CONVERSION = YES;
				CLANG_WARN_DIRECT_OBJC_ISA_USAGE = YES_ERROR;
				CLANG_WARN_EMPTY_BODY = YES;
				CLANG_WARN_ENUM_CONVERSION = YES;
				CLANG_WARN_INT_CONVERSION = YES;
				CLANG_WARN_OBJC_ROOT_CLASS = YES_ERROR;
				CLANG_WARN_UNREACHABLE_CODE = YES;
				CLANG_WARN__DUPLICATE_METHOD_MATCH = YES;
				COPY_PHASE_STRIP = NO;
				DEBUG_INFORMATION_FORMAT = "dwarf-with-dsym";
				ENABLE_NS_ASSERTIONS = NO;
				ENABLE_STRICT_OBJC_MSGSEND = YES;
				GCC_C_LANGUAGE_STANDARD = gnu99;
				GCC_INPUT_FILETYPE = sourcecode.cpp.objcpp;
				GCC_WARN_64_TO_32_BIT_CONVERSION = YES;
				GCC_WARN_ABOUT_RETURN_TYPE = YES_ERROR;
				GCC_WARN_UNDECLARED_SELECTOR = YES;
				GCC_WARN_UNINITIALIZED_AUTOS = YES_AGGRESSIVE;
				GCC_WARN_UNUSED_FUNCTION = YES;
				GCC_WARN_UNUSED_VARIABLE = YES;
				MACOSX_DEPLOYMENT_TARGET = 10.10;
				MTL_ENABLE_DEBUG_INFO = NO;
				SDKROOT = macosx;
			};
			name = Release;
		};
		B5081D7B1AC114F700D675E9 /* Debug */ = {
			isa = XCBuildConfiguration;
			buildSettings = {
				CLANG_ENABLE_MODULES = YES;
				LD_RUNPATH_SEARCH_PATHS = "$(inherited) @executable_path/../Frameworks @loader_path/../Frameworks";
				OTHER_LDFLAGS = (
					"-Wl,-sectcreate,__TEXT,__acorn_src,$(PROJECT_DIR)/paq/acorn.bundle.js",
					"-Wl,-sectcreate,__TEXT,__escodegen_src,$(PROJECT_DIR)/paq/escodegen.bundle.js",
				);
				PRODUCT_NAME = "$(TARGET_NAME)";
				SWIFT_OPTIMIZATION_LEVEL = "-Onone";
			};
			name = Debug;
		};
		B5081D7C1AC114F700D675E9 /* Release */ = {
			isa = XCBuildConfiguration;
			buildSettings = {
				CLANG_ENABLE_MODULES = YES;
				GCC_OPTIMIZATION_LEVEL = 3;
				LD_RUNPATH_SEARCH_PATHS = "$(inherited) @executable_path/../Frameworks @loader_path/../Frameworks";
				OTHER_LDFLAGS = (
					"-Wl,-sectcreate,__TEXT,__acorn_src,$(PROJECT_DIR)/paq/acorn.bundle.js",
					"-Wl,-sectcreate,__TEXT,__escodegen_src,$(PROJECT_DIR)/paq/escodegen.bundle.js",
				);
				PRODUCT_NAME = "$(TARGET_NAME)";
			};
			name = Release;
		};
		B5081D891AC118B500D675E9 /* Debug */ = {
			isa = XCBuildConfiguration;
			buildSettings = {
				CLANG_ENABLE_MODULES = YES;
				GCC_PREPROCESSOR_DEFINITIONS = (
					"DEBUG=1",
					"$(inherited)",
				);
				LD_RUNPATH_SEARCH_PATHS = "$(inherited) @executable_path/../Frameworks @loader_path/../Frameworks";
				OTHER_LDFLAGS = (
					"-Wl,-sectcreate,__TEXT,__acorn_src,$(PROJECT_DIR)/paq/acorn.bundle.js",
					"-Wl,-sectcreate,__TEXT,__escodegen_src,$(PROJECT_DIR)/paq/escodegen.bundle.js",
				);
				PRODUCT_NAME = "$(TARGET_NAME)";
				SWIFT_OPTIMIZATION_LEVEL = "-Onone";
			};
			name = Debug;
		};
		B5081D8A1AC118B500D675E9 /* Release */ = {
			isa = XCBuildConfiguration;
			buildSettings = {
				CLANG_ENABLE_MODULES = YES;
				LD_RUNPATH_SEARCH_PATHS = "$(inherited) @executable_path/../Frameworks @loader_path/../Frameworks";
				OTHER_LDFLAGS = (
					"-Wl,-sectcreate,__TEXT,__acorn_src,$(PROJECT_DIR)/paq/acorn.bundle.js",
					"-Wl,-sectcreate,__TEXT,__escodegen_src,$(PROJECT_DIR)/paq/escodegen.bundle.js",
				);
				PRODUCT_NAME = "$(TARGET_NAME)";
			};
			name = Release;
		};
/* End XCBuildConfiguration section */

/* Begin XCConfigurationList section */
		B5081D6E1AC114F700D675E9 /* Build configuration list for PBXProject "paq" */ = {
			isa = XCConfigurationList;
			buildConfigurations = (
				B5081D781AC114F700D675E9 /* Debug */,
				B5081D791AC114F700D675E9 /* Release */,
			);
			defaultConfigurationIsVisible = 0;
			defaultConfigurationName = Release;
		};
		B5081D7A1AC114F700D675E9 /* Build configuration list for PBXNativeTarget "paq" */ = {
			isa = XCConfigurationList;
			buildConfigurations = (
				B5081D7B1AC114F700D675E9 /* Debug */,
				B5081D7C1AC114F700D675E9 /* Release */,
			);
			defaultConfigurationIsVisible = 0;
			defaultConfigurationName = Release;
		};
		B5081D881AC118B500D675E9 /* Build configuration list for PBXNativeTarget "paq-tests" */ = {
			isa = XCConfigurationList;
			buildConfigurations = (
				B5081D891AC118B500D675E9 /* Debug */,
				B5081D8A1AC118B500D675E9 /* Release */,
			);
			defaultConfigurationIsVisible = 0;
			defaultConfigurationName = Release;
		};
/* End XCConfigurationList section */
	};
	rootObject = B5081D6B1AC114F700D675E9 /* Project object */;
}
