// !$*UTF8*$!
{
	archiveVersion = 1;
	classes = {
	};
	objectVersion = 46;
	objects = {

/* Begin PBXBuildFile section */
		B505A1661AC2A26D00986D7B /* script.mm in Sources */ = {isa = PBXBuildFile; fileRef = B505A1641AC2A26D00986D7B /* script.mm */; };
		B505A1671AC2A26D00986D7B /* script.mm in Sources */ = {isa = PBXBuildFile; fileRef = B505A1641AC2A26D00986D7B /* script.mm */; };
		B505A16E1AC2A82700986D7B /* traverse.mm in Sources */ = {isa = PBXBuildFile; fileRef = B505A16C1AC2A82700986D7B /* traverse.mm */; };
		B505A16F1AC2A82700986D7B /* traverse.mm in Sources */ = {isa = PBXBuildFile; fileRef = B505A16C1AC2A82700986D7B /* traverse.mm */; };
		B505A1761AC2DEC300986D7B /* paq.mm in Sources */ = {isa = PBXBuildFile; fileRef = B505A1741AC2DEC300986D7B /* paq.mm */; };
		B505A1771AC2DEC300986D7B /* paq.mm in Sources */ = {isa = PBXBuildFile; fileRef = B505A1741AC2DEC300986D7B /* paq.mm */; };
		B505A17A1AC2E59B00986D7B /* resolve.mm in Sources */ = {isa = PBXBuildFile; fileRef = B505A1781AC2E59B00986D7B /* resolve.mm */; };
		B505A17B1AC2E59B00986D7B /* resolve.mm in Sources */ = {isa = PBXBuildFile; fileRef = B505A1781AC2E59B00986D7B /* resolve.mm */; };
		B5081D771AC114F700D675E9 /* main.mm in Sources */ = {isa = PBXBuildFile; fileRef = B5081D761AC114F700D675E9 /* main.mm */; };
		B51283981AC472DC008C2E0A /* pack.mm in Sources */ = {isa = PBXBuildFile; fileRef = B51283961AC472DC008C2E0A /* pack.mm */; };
		B51283991AC472DC008C2E0A /* pack.mm in Sources */ = {isa = PBXBuildFile; fileRef = B51283961AC472DC008C2E0A /* pack.mm */; };
		B512839C1AC5078B008C2E0A /* json.mm in Sources */ = {isa = PBXBuildFile; fileRef = B512839A1AC5078B008C2E0A /* json.mm */; };
		B512839D1AC5078B008C2E0A /* json.mm in Sources */ = {isa = PBXBuildFile; fileRef = B512839A1AC5078B008C2E0A /* json.mm */; };
		B51283A11AC5F403008C2E0A /* main.mm in Sources */ = {isa = PBXBuildFile; fileRef = B5081D861AC118B500D675E9 /* main.mm */; };
		B51283A41AC5F5BF008C2E0A /* transform.mm in Sources */ = {isa = PBXBuildFile; fileRef = B51283A21AC5F5BF008C2E0A /* transform.mm */; };
		B51283A51AC5F5BF008C2E0A /* transform.mm in Sources */ = {isa = PBXBuildFile; fileRef = B51283A21AC5F5BF008C2E0A /* transform.mm */; };
		B573FFE01AC7175C0046282D /* JSContextExtensions.cpp in Sources */ = {isa = PBXBuildFile; fileRef = B573FFDE1AC7175C0046282D /* JSContextExtensions.cpp */; };
		B573FFE11AC7175C0046282D /* JSContextExtensions.cpp in Sources */ = {isa = PBXBuildFile; fileRef = B573FFDE1AC7175C0046282D /* JSContextExtensions.cpp */; };
		B59884B51AC263B7005929C3 /* parser.mm in Sources */ = {isa = PBXBuildFile; fileRef = B59884B31AC263B7005929C3 /* parser.mm */; };
		B59884B61AC263B7005929C3 /* parser.mm in Sources */ = {isa = PBXBuildFile; fileRef = B59884B31AC263B7005929C3 /* parser.mm */; };
		B59884B81AC2641A005929C3 /* JavaScriptCore.framework in Frameworks */ = {isa = PBXBuildFile; fileRef = B59884B71AC2641A005929C3 /* JavaScriptCore.framework */; };
		B5B592341AC29EF500160D50 /* require.mm in Sources */ = {isa = PBXBuildFile; fileRef = B5B592321AC29EF500160D50 /* require.mm */; };
		B5B592351AC29EF600160D50 /* require.mm in Sources */ = {isa = PBXBuildFile; fileRef = B5B592321AC29EF500160D50 /* require.mm */; };
		B5BA5B631AC282CB00FCE5EE /* JavaScriptCore.framework in Frameworks */ = {isa = PBXBuildFile; fileRef = B59884B71AC2641A005929C3 /* JavaScriptCore.framework */; };
/* End PBXBuildFile section */

/* Begin PBXCopyFilesBuildPhase section */
		B5081D711AC114F700D675E9 /* CopyFiles */ = {
			isa = PBXCopyFilesBuildPhase;
			buildActionMask = 2147483647;
			dstPath = /usr/share/man/man1/;
			dstSubfolderSpec = 0;
			files = (
			);
			runOnlyForDeploymentPostprocessing = 1;
		};
/* End PBXCopyFilesBuildPhase section */

/* Begin PBXFileReference section */
		B505A1641AC2A26D00986D7B /* script.mm */ = {isa = PBXFileReference; fileEncoding = 4; lastKnownFileType = sourcecode.cpp.objcpp; path = script.mm; sourceTree = "<group>"; };
		B505A1651AC2A26D00986D7B /* script.h */ = {isa = PBXFileReference; fileEncoding = 4; lastKnownFileType = sourcecode.c.h; path = script.h; sourceTree = "<group>"; };
		B505A16C1AC2A82700986D7B /* traverse.mm */ = {isa = PBXFileReference; fileEncoding = 4; lastKnownFileType = sourcecode.cpp.objcpp; path = traverse.mm; sourceTree = "<group>"; };
		B505A16D1AC2A82700986D7B /* traverse.h */ = {isa = PBXFileReference; fileEncoding = 4; lastKnownFileType = sourcecode.c.h; path = traverse.h; sourceTree = "<group>"; };
		B505A1741AC2DEC300986D7B /* paq.mm */ = {isa = PBXFileReference; fileEncoding = 4; lastKnownFileType = sourcecode.cpp.objcpp; path = paq.mm; sourceTree = "<group>"; };
		B505A1751AC2DEC300986D7B /* paq.h */ = {isa = PBXFileReference; fileEncoding = 4; lastKnownFileType = sourcecode.c.h; path = paq.h; sourceTree = "<group>"; };
		B505A1781AC2E59B00986D7B /* resolve.mm */ = {isa = PBXFileReference; fileEncoding = 4; lastKnownFileType = sourcecode.cpp.objcpp; path = resolve.mm; sourceTree = "<group>"; };
		B505A1791AC2E59B00986D7B /* resolve.h */ = {isa = PBXFileReference; fileEncoding = 4; lastKnownFileType = sourcecode.c.h; path = resolve.h; sourceTree = "<group>"; };
		B5081D731AC114F700D675E9 /* paq */ = {isa = PBXFileReference; explicitFileType = "compiled.mach-o.executable"; includeInIndex = 0; path = paq; sourceTree = BUILT_PRODUCTS_DIR; };
		B5081D761AC114F700D675E9 /* main.mm */ = {isa = PBXFileReference; lastKnownFileType = sourcecode.cpp.objcpp; path = main.mm; sourceTree = "<group>"; };
		B5081D841AC118B500D675E9 /* paq-tests */ = {isa = PBXFileReference; explicitFileType = "compiled.mach-o.executable"; includeInIndex = 0; path = "paq-tests"; sourceTree = BUILT_PRODUCTS_DIR; };
		B5081D861AC118B500D675E9 /* main.mm */ = {isa = PBXFileReference; lastKnownFileType = sourcecode.cpp.objcpp; path = main.mm; sourceTree = "<group>"; };
		B5081D8D1AC1198600D675E9 /* catch.hpp */ = {isa = PBXFileReference; fileEncoding = 4; lastKnownFileType = sourcecode.cpp.h; path = catch.hpp; sourceTree = "<group>"; };
		B51283961AC472DC008C2E0A /* pack.mm */ = {isa = PBXFileReference; fileEncoding = 4; lastKnownFileType = sourcecode.cpp.objcpp; path = pack.mm; sourceTree = "<group>"; };
		B51283971AC472DC008C2E0A /* pack.h */ = {isa = PBXFileReference; fileEncoding = 4; lastKnownFileType = sourcecode.c.h; path = pack.h; sourceTree = "<group>"; };
		B512839A1AC5078B008C2E0A /* json.mm */ = {isa = PBXFileReference; fileEncoding = 4; lastKnownFileType = sourcecode.cpp.objcpp; path = json.mm; sourceTree = "<group>"; };
		B512839B1AC5078B008C2E0A /* json.h */ = {isa = PBXFileReference; fileEncoding = 4; lastKnownFileType = sourcecode.c.h; path = json.h; sourceTree = "<group>"; };
		B512839F1AC5C248008C2E0A /* optionparser.hpp */ = {isa = PBXFileReference; lastKnownFileType = sourcecode.cpp.h; path = optionparser.hpp; sourceTree = "<group>"; };
		B51283A21AC5F5BF008C2E0A /* transform.mm */ = {isa = PBXFileReference; fileEncoding = 4; lastKnownFileType = sourcecode.cpp.objcpp; path = transform.mm; sourceTree = "<group>"; };
		B51283A31AC5F5BF008C2E0A /* transform.h */ = {isa = PBXFileReference; fileEncoding = 4; lastKnownFileType = sourcecode.c.h; path = transform.h; sourceTree = "<group>"; };
		B573FFDE1AC7175C0046282D /* JSContextExtensions.cpp */ = {isa = PBXFileReference; fileEncoding = 4; lastKnownFileType = sourcecode.cpp.cpp; path = JSContextExtensions.cpp; sourceTree = "<group>"; };
		B573FFDF1AC7175C0046282D /* JSContextExtensions.h */ = {isa = PBXFileReference; fileEncoding = 4; lastKnownFileType = sourcecode.c.h; path = JSContextExtensions.h; sourceTree = "<group>"; };
		B59884B31AC263B7005929C3 /* parser.mm */ = {isa = PBXFileReference; fileEncoding = 4; lastKnownFileType = sourcecode.cpp.objcpp; path = parser.mm; sourceTree = "<group>"; };
		B59884B41AC263B7005929C3 /* parser.h */ = {isa = PBXFileReference; fileEncoding = 4; lastKnownFileType = sourcecode.c.h; path = parser.h; sourceTree = "<group>"; };
		B59884B71AC2641A005929C3 /* JavaScriptCore.framework */ = {isa = PBXFileReference; lastKnownFileType = wrapper.framework; name = JavaScriptCore.framework; path = System/Library/Frameworks/JavaScriptCore.framework; sourceTree = SDKROOT; };
		B5B592321AC29EF500160D50 /* require.mm */ = {isa = PBXFileReference; fileEncoding = 4; lastKnownFileType = sourcecode.cpp.objcpp; path = require.mm; sourceTree = "<group>"; };
		B5B592331AC29EF500160D50 /* require.h */ = {isa = PBXFileReference; fileEncoding = 4; lastKnownFileType = sourcecode.c.h; path = require.h; sourceTree = "<group>"; };
/* End PBXFileReference section */

/* Begin PBXFrameworksBuildPhase section */
		B5081D701AC114F700D675E9 /* Frameworks */ = {
			isa = PBXFrameworksBuildPhase;
			buildActionMask = 2147483647;
			files = (
				B59884B81AC2641A005929C3 /* JavaScriptCore.framework in Frameworks */,
			);
			runOnlyForDeploymentPostprocessing = 0;
		};
		B5081D811AC118B500D675E9 /* Frameworks */ = {
			isa = PBXFrameworksBuildPhase;
			buildActionMask = 2147483647;
			files = (
				B5BA5B631AC282CB00FCE5EE /* JavaScriptCore.framework in Frameworks */,
			);
			runOnlyForDeploymentPostprocessing = 0;
		};
/* End PBXFrameworksBuildPhase section */

/* Begin PBXGroup section */
		B5081D6A1AC114F700D675E9 = {
			isa = PBXGroup;
			children = (
				B59884B71AC2641A005929C3 /* JavaScriptCore.framework */,
				B5081D751AC114F700D675E9 /* paq */,
				B5081D851AC118B500D675E9 /* paq-tests */,
				B5081D741AC114F700D675E9 /* Products */,
			);
			sourceTree = "<group>";
		};
		B5081D741AC114F700D675E9 /* Products */ = {
			isa = PBXGroup;
			children = (
				B5081D731AC114F700D675E9 /* paq */,
				B5081D841AC118B500D675E9 /* paq-tests */,
			);
			name = Products;
			sourceTree = "<group>";
		};
		B5081D751AC114F700D675E9 /* paq */ = {
			isa = PBXGroup;
			children = (
				B5081D761AC114F700D675E9 /* main.mm */,
				B59884B31AC263B7005929C3 /* parser.mm */,
				B59884B41AC263B7005929C3 /* parser.h */,
				B5B592321AC29EF500160D50 /* require.mm */,
				B5B592331AC29EF500160D50 /* require.h */,
				B505A1641AC2A26D00986D7B /* script.mm */,
				B505A1651AC2A26D00986D7B /* script.h */,
				B505A16C1AC2A82700986D7B /* traverse.mm */,
				B505A16D1AC2A82700986D7B /* traverse.h */,
				B505A1741AC2DEC300986D7B /* paq.mm */,
				B505A1751AC2DEC300986D7B /* paq.h */,
				B505A1781AC2E59B00986D7B /* resolve.mm */,
				B505A1791AC2E59B00986D7B /* resolve.h */,
				B51283961AC472DC008C2E0A /* pack.mm */,
				B51283971AC472DC008C2E0A /* pack.h */,
				B512839A1AC5078B008C2E0A /* json.mm */,
				B512839B1AC5078B008C2E0A /* json.h */,
				B512839F1AC5C248008C2E0A /* optionparser.hpp */,
				B51283A21AC5F5BF008C2E0A /* transform.mm */,
				B51283A31AC5F5BF008C2E0A /* transform.h */,
				B573FFDE1AC7175C0046282D /* JSContextExtensions.cpp */,
				B573FFDF1AC7175C0046282D /* JSContextExtensions.h */,
			);
			path = paq;
			sourceTree = "<group>";
		};
		B5081D851AC118B500D675E9 /* paq-tests */ = {
			isa = PBXGroup;
			children = (
				B5081D8D1AC1198600D675E9 /* catch.hpp */,
				B5081D861AC118B500D675E9 /* main.mm */,
			);
			path = "paq-tests";
			sourceTree = "<group>";
		};
/* End PBXGroup section */

/* Begin PBXNativeTarget section */
		B5081D721AC114F700D675E9 /* paq */ = {
			isa = PBXNativeTarget;
			buildConfigurationList = B5081D7A1AC114F700D675E9 /* Build configuration list for PBXNativeTarget "paq" */;
			buildPhases = (
				B505A1731AC2B65100986D7B /* Compile Embedded Javascript */,
				B51283A61AC5F875008C2E0A /* Wipe Coverage Files */,
				B5081D6F1AC114F700D675E9 /* Sources */,
				B5081D701AC114F700D675E9 /* Frameworks */,
				B5081D711AC114F700D675E9 /* CopyFiles */,
				B512839E1AC579D8008C2E0A /* Copy Fixtures */,
			);
			buildRules = (
			);
			dependencies = (
			);
			name = paq;
			productName = paq;
			productReference = B5081D731AC114F700D675E9 /* paq */;
			productType = "com.apple.product-type.tool";
		};
		B5081D831AC118B500D675E9 /* paq-tests */ = {
			isa = PBXNativeTarget;
			buildConfigurationList = B5081D881AC118B500D675E9 /* Build configuration list for PBXNativeTarget "paq-tests" */;
			buildPhases = (
				B505A1631AC2A0CF00986D7B /* Compile Embedded Javascript */,
				B51283A01AC5F3E3008C2E0A /* Wipe Coverage Files */,
				B5081D801AC118B500D675E9 /* Sources */,
				B5081D811AC118B500D675E9 /* Frameworks */,
				B50339861AC34E17004E1389 /* Copy Fixtures */,
			);
			buildRules = (
			);
			dependencies = (
			);
			name = "paq-tests";
			productName = "paq-tests";
			productReference = B5081D841AC118B500D675E9 /* paq-tests */;
			productType = "com.apple.product-type.tool";
		};
/* End PBXNativeTarget section */

/* Begin PBXProject section */
		B5081D6B1AC114F700D675E9 /* Project object */ = {
			isa = PBXProject;
			attributes = {
				LastUpgradeCheck = 0620;
				ORGANIZATIONNAME = "Ben Ng";
				TargetAttributes = {
					B5081D721AC114F700D675E9 = {
						CreatedOnToolsVersion = 6.2;
					};
					B5081D831AC118B500D675E9 = {
						CreatedOnToolsVersion = 6.2;
					};
				};
			};
			buildConfigurationList = B5081D6E1AC114F700D675E9 /* Build configuration list for PBXProject "paq" */;
			compatibilityVersion = "Xcode 3.2";
			developmentRegion = English;
			hasScannedForEncodings = 0;
			knownRegions = (
				en,
			);
			mainGroup = B5081D6A1AC114F700D675E9;
			productRefGroup = B5081D741AC114F700D675E9 /* Products */;
			projectDirPath = "";
			projectRoot = "";
			targets = (
				B5081D721AC114F700D675E9 /* paq */,
				B5081D831AC118B500D675E9 /* paq-tests */,
			);
		};
/* End PBXProject section */

/* Begin PBXShellScriptBuildPhase section */
		B50339861AC34E17004E1389 /* Copy Fixtures */ = {
			isa = PBXShellScriptBuildPhase;
			buildActionMask = 2147483647;
			files = (
			);
			inputPaths = (
			);
			name = "Copy Fixtures";
			outputPaths = (
			);
			runOnlyForDeploymentPostprocessing = 0;
			shellPath = /bin/sh;
			shellScript = "make copy-fixtures";
		};
		B505A1631AC2A0CF00986D7B /* Compile Embedded Javascript */ = {
			isa = PBXShellScriptBuildPhase;
			buildActionMask = 2147483647;
			files = (
			);
			inputPaths = (
			);
			name = "Compile Embedded Javascript";
			outputPaths = (
			);
			runOnlyForDeploymentPostprocessing = 0;
			shellPath = /bin/sh;
			shellScript = "PATH=${PATH}:/usr/local/bin\nmake js";
		};
		B505A1731AC2B65100986D7B /* Compile Embedded Javascript */ = {
			isa = PBXShellScriptBuildPhase;
			buildActionMask = 2147483647;
			files = (
			);
			inputPaths = (
			);
			name = "Compile Embedded Javascript";
			outputPaths = (
			);
			runOnlyForDeploymentPostprocessing = 0;
			shellPath = /bin/sh;
			shellScript = "PATH=${PATH}:/usr/local/bin\nmake js";
		};
		B512839E1AC579D8008C2E0A /* Copy Fixtures */ = {
			isa = PBXShellScriptBuildPhase;
			buildActionMask = 2147483647;
			files = (
			);
			inputPaths = (
			);
			name = "Copy Fixtures";
			outputPaths = (
			);
			runOnlyForDeploymentPostprocessing = 0;
			shellPath = /bin/sh;
			shellScript = "make copy-fixtures";
			showEnvVarsInLog = 0;
		};
		B51283A01AC5F3E3008C2E0A /* Wipe Coverage Files */ = {
			isa = PBXShellScriptBuildPhase;
			buildActionMask = 2147483647;
			files = (
			);
			inputPaths = (
			);
			name = "Wipe Coverage Files";
			outputPaths = (
			);
			runOnlyForDeploymentPostprocessing = 0;
			shellPath = /bin/sh;
			shellScript = "echo \"Cleaning Profiler Information\"\ncd \"${OBJECT_FILE_DIR_normal}/${CURRENT_ARCH}\"\n# Delete *.gcda files in the current target\nrm -f *.gcda";
		};
		B51283A61AC5F875008C2E0A /* Wipe Coverage Files */ = {
			isa = PBXShellScriptBuildPhase;
			buildActionMask = 2147483647;
			files = (
			);
			inputPaths = (
			);
			name = "Wipe Coverage Files";
			outputPaths = (
			);
			runOnlyForDeploymentPostprocessing = 0;
			shellPath = /bin/sh;
			shellScript = "echo \"Cleaning Profiler Information\"\ncd \"${OBJECT_FILE_DIR_normal}/${CURRENT_ARCH}\"\n# Delete *.gcda files in the current target\nrm -f *.gcda";
		};
/* End PBXShellScriptBuildPhase section */

/* Begin PBXSourcesBuildPhase section */
		B5081D6F1AC114F700D675E9 /* Sources */ = {
			isa = PBXSourcesBuildPhase;
			buildActionMask = 2147483647;
			files = (
				B51283981AC472DC008C2E0A /* pack.mm in Sources */,
				B505A1761AC2DEC300986D7B /* paq.mm in Sources */,
				B51283A41AC5F5BF008C2E0A /* transform.mm in Sources */,
				B512839C1AC5078B008C2E0A /* json.mm in Sources */,
				B505A17A1AC2E59B00986D7B /* resolve.mm in Sources */,
				B505A16E1AC2A82700986D7B /* traverse.mm in Sources */,
				B505A1661AC2A26D00986D7B /* script.mm in Sources */,
				B5B592341AC29EF500160D50 /* require.mm in Sources */,
				B59884B51AC263B7005929C3 /* parser.mm in Sources */,
				B5081D771AC114F700D675E9 /* main.mm in Sources */,
				B573FFE01AC7175C0046282D /* JSContextExtensions.cpp in Sources */,
			);
			runOnlyForDeploymentPostprocessing = 0;
		};
		B5081D801AC118B500D675E9 /* Sources */ = {
			isa = PBXSourcesBuildPhase;
			buildActionMask = 2147483647;
			files = (
				B51283A11AC5F403008C2E0A /* main.mm in Sources */,
				B51283991AC472DC008C2E0A /* pack.mm in Sources */,
				B51283A51AC5F5BF008C2E0A /* transform.mm in Sources */,
				B505A1771AC2DEC300986D7B /* paq.mm in Sources */,
				B512839D1AC5078B008C2E0A /* json.mm in Sources */,
				B505A17B1AC2E59B00986D7B /* resolve.mm in Sources */,
				B505A16F1AC2A82700986D7B /* traverse.mm in Sources */,
				B505A1671AC2A26D00986D7B /* script.mm in Sources */,
				B5B592351AC29EF600160D50 /* require.mm in Sources */,
				B59884B61AC263B7005929C3 /* parser.mm in Sources */,
				B573FFE11AC7175C0046282D /* JSContextExtensions.cpp in Sources */,
			);
			runOnlyForDeploymentPostprocessing = 0;
		};
/* End PBXSourcesBuildPhase section */

/* Begin XCBuildConfiguration section */
		B5081D781AC114F700D675E9 /* Debug */ = {
			isa = XCBuildConfiguration;
			buildSettings = {
				ALWAYS_SEARCH_USER_PATHS = NO;
				CLANG_CXX_LANGUAGE_STANDARD = "gnu++0x";
				CLANG_CXX_LIBRARY = "libc++";
				CLANG_ENABLE_MODULES = YES;
				CLANG_ENABLE_OBJC_ARC = YES;
				CLANG_WARN_BOOL_CONVERSION = YES;
				CLANG_WARN_CONSTANT_CONVERSION = YES;
				CLANG_WARN_DIRECT_OBJC_ISA_USAGE = YES_ERROR;
				CLANG_WARN_EMPTY_BODY = YES;
				CLANG_WARN_ENUM_CONVERSION = YES;
				CLANG_WARN_INT_CONVERSION = YES;
				CLANG_WARN_OBJC_ROOT_CLASS = YES_ERROR;
				CLANG_WARN_UNREACHABLE_CODE = YES;
				CLANG_WARN__DUPLICATE_METHOD_MATCH = YES;
				COPY_PHASE_STRIP = NO;
				ENABLE_STRICT_OBJC_MSGSEND = YES;
				GCC_C_LANGUAGE_STANDARD = gnu99;
				GCC_DYNAMIC_NO_PIC = NO;
				GCC_GENERATE_TEST_COVERAGE_FILES = YES;
				GCC_INPUT_FILETYPE = sourcecode.cpp.objcpp;
				GCC_INSTRUMENT_PROGRAM_FLOW_ARCS = YES;
				GCC_OPTIMIZATION_LEVEL = 0;
				GCC_PREPROCESSOR_DEFINITIONS = (
					"DEBUG=1",
					"$(inherited)",
				);
				GCC_SYMBOLS_PRIVATE_EXTERN = NO;
				GCC_WARN_64_TO_32_BIT_CONVERSION = YES;
				GCC_WARN_ABOUT_RETURN_TYPE = YES_ERROR;
				GCC_WARN_UNDECLARED_SELECTOR = YES;
				GCC_WARN_UNINITIALIZED_AUTOS = YES_AGGRESSIVE;
				GCC_WARN_UNUSED_FUNCTION = YES;
				GCC_WARN_UNUSED_VARIABLE = YES;
				MACOSX_DEPLOYMENT_TARGET = 10.10;
				MTL_ENABLE_DEBUG_INFO = YES;
				ONLY_ACTIVE_ARCH = YES;
				SDKROOT = macosx;
			};
			name = Debug;
		};
		B5081D791AC114F700D675E9 /* Release */ = {
			isa = XCBuildConfiguration;
			buildSettings = {
				ALWAYS_SEARCH_USER_PATHS = NO;
				CLANG_CXX_LANGUAGE_STANDARD = "gnu++0x";
				CLANG_CXX_LIBRARY = "libc++";
				CLANG_ENABLE_MODULES = YES;
				CLANG_ENABLE_OBJC_ARC = YES;
				CLANG_WARN_BOOL_CONVERSION = YES;
				CLANG_WARN_CONSTANT_CONVERSION = YES;
				CLANG_WARN_DIRECT_OBJC_ISA_USAGE = YES_ERROR;
				CLANG_WARN_EMPTY_BODY = YES;
				CLANG_WARN_ENUM_CONVERSION = YES;
				CLANG_WARN_INT_CONVERSION = YES;
				CLANG_WARN_OBJC_ROOT_CLASS = YES_ERROR;
				CLANG_WARN_UNREACHABLE_CODE = YES;
				CLANG_WARN__DUPLICATE_METHOD_MATCH = YES;
				COPY_PHASE_STRIP = NO;
				DEBUG_INFORMATION_FORMAT = "dwarf-with-dsym";
				ENABLE_NS_ASSERTIONS = NO;
				ENABLE_STRICT_OBJC_MSGSEND = YES;
				GCC_C_LANGUAGE_STANDARD = gnu99;
				GCC_GENERATE_TEST_COVERAGE_FILES = YES;
				GCC_INPUT_FILETYPE = sourcecode.cpp.objcpp;
				GCC_INSTRUMENT_PROGRAM_FLOW_ARCS = YES;
				GCC_WARN_64_TO_32_BIT_CONVERSION = YES;
				GCC_WARN_ABOUT_RETURN_TYPE = YES_ERROR;
				GCC_WARN_UNDECLARED_SELECTOR = YES;
				GCC_WARN_UNINITIALIZED_AUTOS = YES_AGGRESSIVE;
				GCC_WARN_UNUSED_FUNCTION = YES;
				GCC_WARN_UNUSED_VARIABLE = YES;
				MACOSX_DEPLOYMENT_TARGET = 10.10;
				MTL_ENABLE_DEBUG_INFO = NO;
				SDKROOT = macosx;
			};
			name = Release;
		};
		B5081D7B1AC114F700D675E9 /* Debug */ = {
			isa = XCBuildConfiguration;
			buildSettings = {
				CLANG_ENABLE_MODULES = YES;
				GCC_GENERATE_TEST_COVERAGE_FILES = NO;
				GCC_INSTRUMENT_PROGRAM_FLOW_ARCS = NO;
				LD_RUNPATH_SEARCH_PATHS = "$(inherited) @executable_path/../Frameworks @loader_path/../Frameworks";
				OTHER_LDFLAGS = (
					"-Wl,-sectcreate,__TEXT,__acorn_src,$(PROJECT_DIR)/paq/acorn.bundle.js",
					"-Wl,-sectcreate,__TEXT,__escodegen_src,$(PROJECT_DIR)/paq/escodegen.bundle.js",
					"-Wl,-sectcreate,__TEXT,__builtins_src,$(PROJECT_DIR)/paq/builtins.bundle.json",
					"-Wl,-sectcreate,__TEXT,__prelude_src,$(PROJECT_DIR)/node_modules/browser-pack/_prelude.js",
					"-Wl,-sectcreate,__TEXT,__concats_src,$(PROJECT_DIR)/paq/concat-stream.bundle.js",
				);
				PRODUCT_NAME = "$(TARGET_NAME)";
				SWIFT_OPTIMIZATION_LEVEL = "-Onone";
			};
			name = Debug;
		};
		B5081D7C1AC114F700D675E9 /* Release */ = {
			isa = XCBuildConfiguration;
			buildSettings = {
				CLANG_ENABLE_MODULES = YES;
				GCC_GENERATE_TEST_COVERAGE_FILES = NO;
				GCC_INSTRUMENT_PROGRAM_FLOW_ARCS = NO;
				GCC_OPTIMIZATION_LEVEL = 3;
				LD_RUNPATH_SEARCH_PATHS = "$(inherited) @executable_path/../Frameworks @loader_path/../Frameworks";
				OTHER_LDFLAGS = (
					"-Wl,-sectcreate,__TEXT,__acorn_src,$(PROJECT_DIR)/paq/acorn.bundle.js",
					"-Wl,-sectcreate,__TEXT,__escodegen_src,$(PROJECT_DIR)/paq/escodegen.bundle.js",
					"-Wl,-sectcreate,__TEXT,__builtins_src,$(PROJECT_DIR)/paq/builtins.bundle.json",
					"-Wl,-sectcreate,__TEXT,__prelude_src,$(PROJECT_DIR)/node_modules/browser-pack/_prelude.js",
					"-Wl,-sectcreate,__TEXT,__concats_src,$(PROJECT_DIR)/paq/concat-stream.bundle.js",
				);
				PRODUCT_NAME = "$(TARGET_NAME)";
			};
			name = Release;
		};
		B5081D891AC118B500D675E9 /* Debug */ = {
			isa = XCBuildConfiguration;
			buildSettings = {
				CLANG_ENABLE_MODULES = YES;
				GCC_GENERATE_TEST_COVERAGE_FILES = NO;
				GCC_INSTRUMENT_PROGRAM_FLOW_ARCS = NO;
				GCC_PREPROCESSOR_DEFINITIONS = (
					"DEBUG=1",
					"$(inherited)",
				);
				LD_RUNPATH_SEARCH_PATHS = "$(inherited) @executable_path/../Frameworks @loader_path/../Frameworks";
				OTHER_LDFLAGS = (
					"-Wl,-sectcreate,__TEXT,__acorn_src,$(PROJECT_DIR)/paq/acorn.bundle.js",
					"-Wl,-sectcreate,__TEXT,__escodegen_src,$(PROJECT_DIR)/paq/escodegen.bundle.js",
					"-Wl,-sectcreate,__TEXT,__builtins_src,$(PROJECT_DIR)/paq/builtins.bundle.json",
					"-Wl,-sectcreate,__TEXT,__prelude_src,$(PROJECT_DIR)/node_modules/browser-pack/_prelude.js",
					"-Wl,-sectcreate,__TEXT,__concats_src,$(PROJECT_DIR)/paq/concat-stream.bundle.js",
				);
				PRODUCT_NAME = "$(TARGET_NAME)";
				SWIFT_OPTIMIZATION_LEVEL = "-Onone";
				WARNING_CFLAGS = "";
			};
			name = Debug;
		};
		B5081D8A1AC118B500D675E9 /* Release */ = {
			isa = XCBuildConfiguration;
			buildSettings = {
				CLANG_ENABLE_MODULES = YES;
				GCC_GENERATE_TEST_COVERAGE_FILES = NO;
				GCC_INSTRUMENT_PROGRAM_FLOW_ARCS = NO;
				GCC_OPTIMIZATION_LEVEL = s;
				LD_RUNPATH_SEARCH_PATHS = "$(inherited) @executable_path/../Frameworks @loader_path/../Frameworks";
				OTHER_LDFLAGS = (
					"-Wl,-sectcreate,__TEXT,__acorn_src,$(PROJECT_DIR)/paq/acorn.bundle.js",
					"-Wl,-sectcreate,__TEXT,__escodegen_src,$(PROJECT_DIR)/paq/escodegen.bundle.js",
					"-Wl,-sectcreate,__TEXT,__builtins_src,$(PROJECT_DIR)/paq/builtins.bundle.json",
					"-Wl,-sectcreate,__TEXT,__prelude_src,$(PROJECT_DIR)/node_modules/browser-pack/_prelude.js",
					"-Wl,-sectcreate,__TEXT,__concats_src,$(PROJECT_DIR)/paq/concat-stream.bundle.js",
				);
				PRODUCT_NAME = "$(TARGET_NAME)";
				WARNING_CFLAGS = "";
			};
			name = Release;
		};
		B51283A71AC6312B008C2E0A /* GCov_Build */ = {
			isa = XCBuildConfiguration;
			buildSettings = {
				ALWAYS_SEARCH_USER_PATHS = NO;
				CLANG_CXX_LANGUAGE_STANDARD = "gnu++0x";
				CLANG_CXX_LIBRARY = "libc++";
				CLANG_ENABLE_MODULES = YES;
				CLANG_ENABLE_OBJC_ARC = YES;
				CLANG_WARN_BOOL_CONVERSION = YES;
				CLANG_WARN_CONSTANT_CONVERSION = YES;
				CLANG_WARN_DIRECT_OBJC_ISA_USAGE = YES_ERROR;
				CLANG_WARN_EMPTY_BODY = YES;
				CLANG_WARN_ENUM_CONVERSION = YES;
				CLANG_WARN_INT_CONVERSION = YES;
				CLANG_WARN_OBJC_ROOT_CLASS = YES_ERROR;
				CLANG_WARN_UNREACHABLE_CODE = YES;
				CLANG_WARN__DUPLICATE_METHOD_MATCH = YES;
				COPY_PHASE_STRIP = NO;
				ENABLE_STRICT_OBJC_MSGSEND = YES;
				GCC_C_LANGUAGE_STANDARD = gnu99;
				GCC_DYNAMIC_NO_PIC = NO;
				GCC_GENERATE_TEST_COVERAGE_FILES = YES;
				GCC_INPUT_FILETYPE = sourcecode.cpp.objcpp;
				GCC_INSTRUMENT_PROGRAM_FLOW_ARCS = YES;
				GCC_OPTIMIZATION_LEVEL = 0;
				GCC_PREPROCESSOR_DEFINITIONS = (
					"DEBUG=1",
					"$(inherited)",
				);
				GCC_SYMBOLS_PRIVATE_EXTERN = NO;
				GCC_WARN_64_TO_32_BIT_CONVERSION = YES;
				GCC_WARN_ABOUT_RETURN_TYPE = YES_ERROR;
				GCC_WARN_UNDECLARED_SELECTOR = YES;
				GCC_WARN_UNINITIALIZED_AUTOS = YES_AGGRESSIVE;
				GCC_WARN_UNUSED_FUNCTION = YES;
				GCC_WARN_UNUSED_VARIABLE = YES;
				MACOSX_DEPLOYMENT_TARGET = 10.10;
				MTL_ENABLE_DEBUG_INFO = YES;
				ONLY_ACTIVE_ARCH = YES;
				SDKROOT = macosx;
			};
			name = GCov_Build;
		};
		B51283A81AC6312B008C2E0A /* GCov_Build */ = {
			isa = XCBuildConfiguration;
			buildSettings = {
				CLANG_ENABLE_MODULES = YES;
				GCC_GENERATE_TEST_COVERAGE_FILES = NO;
				GCC_INSTRUMENT_PROGRAM_FLOW_ARCS = NO;
				LD_RUNPATH_SEARCH_PATHS = "$(inherited) @executable_path/../Frameworks @loader_path/../Frameworks";
				OTHER_LDFLAGS = (
					"-Wl,-sectcreate,__TEXT,__acorn_src,$(PROJECT_DIR)/paq/acorn.bundle.js",
					"-Wl,-sectcreate,__TEXT,__escodegen_src,$(PROJECT_DIR)/paq/escodegen.bundle.js",
					"-Wl,-sectcreate,__TEXT,__builtins_src,$(PROJECT_DIR)/paq/builtins.bundle.json",
					"-Wl,-sectcreate,__TEXT,__prelude_src,$(PROJECT_DIR)/node_modules/browser-pack/_prelude.js",
					"-Wl,-sectcreate,__TEXT,__concats_src,$(PROJECT_DIR)/paq/concat-stream.bundle.js",
				);
				PRODUCT_NAME = "$(TARGET_NAME)";
				SWIFT_OPTIMIZATION_LEVEL = "-Onone";
			};
			name = GCov_Build;
		};
		B51283A91AC6312B008C2E0A /* GCov_Build */ = {
			isa = XCBuildConfiguration;
			buildSettings = {
				CLANG_ENABLE_MODULES = YES;
				GCC_GENERATE_TEST_COVERAGE_FILES = YES;
				GCC_INSTRUMENT_PROGRAM_FLOW_ARCS = YES;
				GCC_OPTIMIZATION_LEVEL = 0;
				GCC_PREPROCESSOR_DEFINITIONS = (
					"DEBUG=1",
					"$(inherited)",
				);
				LD_RUNPATH_SEARCH_PATHS = "$(inherited) @executable_path/../Frameworks @loader_path/../Frameworks";
				OTHER_LDFLAGS = (
					"-Wl,-sectcreate,__TEXT,__acorn_src,$(PROJECT_DIR)/paq/acorn.bundle.js",
					"-Wl,-sectcreate,__TEXT,__escodegen_src,$(PROJECT_DIR)/paq/escodegen.bundle.js",
					"-Wl,-sectcreate,__TEXT,__builtins_src,$(PROJECT_DIR)/paq/builtins.bundle.json",
					"-Wl,-sectcreate,__TEXT,__prelude_src,$(PROJECT_DIR)/node_modules/browser-pack/_prelude.js",
					"-Wl,-sectcreate,__TEXT,__concats_src,$(PROJECT_DIR)/paq/concat-stream.bundle.js",
				);
				PRODUCT_NAME = "$(TARGET_NAME)";
				SWIFT_OPTIMIZATION_LEVEL = "-Onone";
				WARNING_CFLAGS = "";
			};
			name = GCov_Build;
		};
/* End XCBuildConfiguration section */

/* Begin XCConfigurationList section */
		B5081D6E1AC114F700D675E9 /* Build configuration list for PBXProject "paq" */ = {
			isa = XCConfigurationList;
			buildConfigurations = (
				B5081D781AC114F700D675E9 /* Debug */,
				B51283A71AC6312B008C2E0A /* GCov_Build */,
				B5081D791AC114F700D675E9 /* Release */,
			);
			defaultConfigurationIsVisible = 0;
			defaultConfigurationName = Release;
		};
		B5081D7A1AC114F700D675E9 /* Build configuration list for PBXNativeTarget "paq" */ = {
			isa = XCConfigurationList;
			buildConfigurations = (
				B5081D7B1AC114F700D675E9 /* Debug */,
				B51283A81AC6312B008C2E0A /* GCov_Build */,
				B5081D7C1AC114F700D675E9 /* Release */,
			);
			defaultConfigurationIsVisible = 0;
			defaultConfigurationName = Release;
		};
		B5081D881AC118B500D675E9 /* Build configuration list for PBXNativeTarget "paq-tests" */ = {
			isa = XCConfigurationList;
			buildConfigurations = (
				B5081D891AC118B500D675E9 /* Debug */,
				B51283A91AC6312B008C2E0A /* GCov_Build */,
				B5081D8A1AC118B500D675E9 /* Release */,
			);
			defaultConfigurationIsVisible = 0;
			defaultConfigurationName = Release;
		};
/* End XCConfigurationList section */
	};
	rootObject = B5081D6B1AC114F700D675E9 /* Project object */;
}
